
Microsoft Visual Studio Solution File, Format Version 12.00
# Visual Studio 14
VisualStudioVersion = 14.0.23107.0
MinimumVisualStudioVersion = 10.0.40219.1
Project("{8BC9CEB8-8B4A-11D0-8D11-00A0C91BC942}") = "Test1", "Test1\Test1.vcxproj", "{35043BFA-0C32-40CF-80B4-23A09FD0B3D3}"
EndProject
Project("{8BC9CEB8-8B4A-11D0-8D11-00A0C91BC942}") = "CharacterPatternsActOne", "CharacterPatternsActOne\CharacterPatternsActOne.vcxproj", "{DA411FE4-4AA1-4E51-93F9-334FB6A0ECE3}"
EndProject
Project("{8BC9CEB8-8B4A-11D0-8D11-00A0C91BC942}") = "CharacterPatternsActTwo", "CharacterPatternsActTwo\CharacterPatternsActTwo.vcxproj", "{C98D751A-F941-480A-A9BC-BE28D437D6EA}"
EndProject
Project("{8BC9CEB8-8B4A-11D0-8D11-00A0C91BC942}") = "CharacterPatternsActThree", "CharacterPatternsActThree\CharacterPatternsActThree.vcxproj", "{373F59C4-C166-42DD-8B57-FFE3375684BB}"
EndProject
Project("{8BC9CEB8-8B4A-11D0-8D11-00A0C91BC942}") = "CharacterPatternsActFour", "CharacterPatternsActFour\CharacterPatternsActFour.vcxproj", "{DBFF6F3B-FE8A-41FA-8DC7-EF7CB8A9EB0F}"
EndProject
Project("{8BC9CEB8-8B4A-11D0-8D11-00A0C91BC942}") = "CharacterPatternsActFive", "CharacterPatternsActFive\CharacterPatternsActFive.vcxproj", "{34E9DFF5-9B1A-42E7-B36A-885CD38364C4}"
EndProject
Project("{8BC9CEB8-8B4A-11D0-8D11-00A0C91BC942}") = "MaxSumArray", "MaxSumArray\MaxSumArray.vcxproj", "{146F7951-D820-44B7-8D24-C747F93E3790}"
EndProject
Project("{8BC9CEB8-8B4A-11D0-8D11-00A0C91BC942}") = "MaxSumArrayLook", "MaxSumArrayLook\MaxSumArrayLook.vcxproj", "{37B8647F-8069-45F2-9B06-EA1AD7D95796}"
EndProject
Project("{8BC9CEB8-8B4A-11D0-8D11-00A0C91BC942}") = "SMPDIV", "SMPDIV\SMPDIV.vcxproj", "{5BDD33DA-6FFC-49E3-B183-84C7031789D7}"
EndProject
Project("{8BC9CEB8-8B4A-11D0-8D11-00A0C91BC942}") = "SMPSUM", "SMPSUM\SMPSUM.vcxproj", "{3C73B15B-4522-4AB6-B467-5BD1CB228D23}"
EndProject
Project("{8BC9CEB8-8B4A-11D0-8D11-00A0C91BC942}") = "SMPWOW", "SMPWOW\SMPWOW.vcxproj", "{EAFBD902-55E9-4B87-90DF-AF7F2B1DFA6A}"
EndProject
Project("{8BC9CEB8-8B4A-11D0-8D11-00A0C91BC942}") = "SMPSEQ3", "SMPSEQ3\SMPSEQ3.vcxproj", "{0DC63DEB-3B7A-46F3-80E9-FCAFCB1C325C}"
EndProject
Global
	GlobalSection(SolutionConfigurationPlatforms) = preSolution
		Debug|x64 = Debug|x64
		Debug|x86 = Debug|x86
		Release|x64 = Release|x64
		Release|x86 = Release|x86
	EndGlobalSection
	GlobalSection(ProjectConfigurationPlatforms) = postSolution
		{35043BFA-0C32-40CF-80B4-23A09FD0B3D3}.Debug|x64.ActiveCfg = Debug|x64
		{35043BFA-0C32-40CF-80B4-23A09FD0B3D3}.Debug|x64.Build.0 = Debug|x64
		{35043BFA-0C32-40CF-80B4-23A09FD0B3D3}.Debug|x86.ActiveCfg = Debug|Win32
		{35043BFA-0C32-40CF-80B4-23A09FD0B3D3}.Debug|x86.Build.0 = Debug|Win32
		{35043BFA-0C32-40CF-80B4-23A09FD0B3D3}.Release|x64.ActiveCfg = Release|x64
		{35043BFA-0C32-40CF-80B4-23A09FD0B3D3}.Release|x64.Build.0 = Release|x64
		{35043BFA-0C32-40CF-80B4-23A09FD0B3D3}.Release|x86.ActiveCfg = Release|Win32
		{35043BFA-0C32-40CF-80B4-23A09FD0B3D3}.Release|x86.Build.0 = Release|Win32
		{DA411FE4-4AA1-4E51-93F9-334FB6A0ECE3}.Debug|x64.ActiveCfg = Debug|x64
		{DA411FE4-4AA1-4E51-93F9-334FB6A0ECE3}.Debug|x64.Build.0 = Debug|x64
		{DA411FE4-4AA1-4E51-93F9-334FB6A0ECE3}.Debug|x86.ActiveCfg = Debug|Win32
		{DA411FE4-4AA1-4E51-93F9-334FB6A0ECE3}.Debug|x86.Build.0 = Debug|Win32
		{DA411FE4-4AA1-4E51-93F9-334FB6A0ECE3}.Release|x64.ActiveCfg = Release|x64
		{DA411FE4-4AA1-4E51-93F9-334FB6A0ECE3}.Release|x64.Build.0 = Release|x64
		{DA411FE4-4AA1-4E51-93F9-334FB6A0ECE3}.Release|x86.ActiveCfg = Release|Win32
		{DA411FE4-4AA1-4E51-93F9-334FB6A0ECE3}.Release|x86.Build.0 = Release|Win32
		{C98D751A-F941-480A-A9BC-BE28D437D6EA}.Debug|x64.ActiveCfg = Debug|x64
		{C98D751A-F941-480A-A9BC-BE28D437D6EA}.Debug|x64.Build.0 = Debug|x64
		{C98D751A-F941-480A-A9BC-BE28D437D6EA}.Debug|x86.ActiveCfg = Debug|Win32
		{C98D751A-F941-480A-A9BC-BE28D437D6EA}.Debug|x86.Build.0 = Debug|Win32
		{C98D751A-F941-480A-A9BC-BE28D437D6EA}.Release|x64.ActiveCfg = Release|x64
		{C98D751A-F941-480A-A9BC-BE28D437D6EA}.Release|x64.Build.0 = Release|x64
		{C98D751A-F941-480A-A9BC-BE28D437D6EA}.Release|x86.ActiveCfg = Release|Win32
		{C98D751A-F941-480A-A9BC-BE28D437D6EA}.Release|x86.Build.0 = Release|Win32
		{373F59C4-C166-42DD-8B57-FFE3375684BB}.Debug|x64.ActiveCfg = Debug|x64
		{373F59C4-C166-42DD-8B57-FFE3375684BB}.Debug|x64.Build.0 = Debug|x64
		{373F59C4-C166-42DD-8B57-FFE3375684BB}.Debug|x86.ActiveCfg = Debug|Win32
		{373F59C4-C166-42DD-8B57-FFE3375684BB}.Debug|x86.Build.0 = Debug|Win32
		{373F59C4-C166-42DD-8B57-FFE3375684BB}.Release|x64.ActiveCfg = Release|x64
		{373F59C4-C166-42DD-8B57-FFE3375684BB}.Release|x64.Build.0 = Release|x64
		{373F59C4-C166-42DD-8B57-FFE3375684BB}.Release|x86.ActiveCfg = Release|Win32
		{373F59C4-C166-42DD-8B57-FFE3375684BB}.Release|x86.Build.0 = Release|Win32
		{DBFF6F3B-FE8A-41FA-8DC7-EF7CB8A9EB0F}.Debug|x64.ActiveCfg = Debug|x64
		{DBFF6F3B-FE8A-41FA-8DC7-EF7CB8A9EB0F}.Debug|x64.Build.0 = Debug|x64
		{DBFF6F3B-FE8A-41FA-8DC7-EF7CB8A9EB0F}.Debug|x86.ActiveCfg = Debug|Win32
		{DBFF6F3B-FE8A-41FA-8DC7-EF7CB8A9EB0F}.Debug|x86.Build.0 = Debug|Win32
		{DBFF6F3B-FE8A-41FA-8DC7-EF7CB8A9EB0F}.Release|x64.ActiveCfg = Release|x64
		{DBFF6F3B-FE8A-41FA-8DC7-EF7CB8A9EB0F}.Release|x64.Build.0 = Release|x64
		{DBFF6F3B-FE8A-41FA-8DC7-EF7CB8A9EB0F}.Release|x86.ActiveCfg = Release|Win32
		{DBFF6F3B-FE8A-41FA-8DC7-EF7CB8A9EB0F}.Release|x86.Build.0 = Release|Win32
		{34E9DFF5-9B1A-42E7-B36A-885CD38364C4}.Debug|x64.ActiveCfg = Debug|x64
		{34E9DFF5-9B1A-42E7-B36A-885CD38364C4}.Debug|x64.Build.0 = Debug|x64
		{34E9DFF5-9B1A-42E7-B36A-885CD38364C4}.Debug|x86.ActiveCfg = Debug|Win32
		{34E9DFF5-9B1A-42E7-B36A-885CD38364C4}.Debug|x86.Build.0 = Debug|Win32
		{34E9DFF5-9B1A-42E7-B36A-885CD38364C4}.Release|x64.ActiveCfg = Release|x64
		{34E9DFF5-9B1A-42E7-B36A-885CD38364C4}.Release|x64.Build.0 = Release|x64
		{34E9DFF5-9B1A-42E7-B36A-885CD38364C4}.Release|x86.ActiveCfg = Release|Win32
		{34E9DFF5-9B1A-42E7-B36A-885CD38364C4}.Release|x86.Build.0 = Release|Win32
		{146F7951-D820-44B7-8D24-C747F93E3790}.Debug|x64.ActiveCfg = Debug|x64
		{146F7951-D820-44B7-8D24-C747F93E3790}.Debug|x64.Build.0 = Debug|x64
		{146F7951-D820-44B7-8D24-C747F93E3790}.Debug|x86.ActiveCfg = Debug|Win32
		{146F7951-D820-44B7-8D24-C747F93E3790}.Debug|x86.Build.0 = Debug|Win32
		{146F7951-D820-44B7-8D24-C747F93E3790}.Release|x64.ActiveCfg = Release|x64
		{146F7951-D820-44B7-8D24-C747F93E3790}.Release|x64.Build.0 = Release|x64
		{146F7951-D820-44B7-8D24-C747F93E3790}.Release|x86.ActiveCfg = Release|Win32
		{146F7951-D820-44B7-8D24-C747F93E3790}.Release|x86.Build.0 = Release|Win32
		{37B8647F-8069-45F2-9B06-EA1AD7D95796}.Debug|x64.ActiveCfg = Debug|x64
		{37B8647F-8069-45F2-9B06-EA1AD7D95796}.Debug|x64.Build.0 = Debug|x64
		{37B8647F-8069-45F2-9B06-EA1AD7D95796}.Debug|x86.ActiveCfg = Debug|Win32
		{37B8647F-8069-45F2-9B06-EA1AD7D95796}.Debug|x86.Build.0 = Debug|Win32
		{37B8647F-8069-45F2-9B06-EA1AD7D95796}.Release|x64.ActiveCfg = Release|x64
		{37B8647F-8069-45F2-9B06-EA1AD7D95796}.Release|x64.Build.0 = Release|x64
		{37B8647F-8069-45F2-9B06-EA1AD7D95796}.Release|x86.ActiveCfg = Release|Win32
		{37B8647F-8069-45F2-9B06-EA1AD7D95796}.Release|x86.Build.0 = Release|Win32
		{5BDD33DA-6FFC-49E3-B183-84C7031789D7}.Debug|x64.ActiveCfg = Debug|x64
		{5BDD33DA-6FFC-49E3-B183-84C7031789D7}.Debug|x64.Build.0 = Debug|x64
		{5BDD33DA-6FFC-49E3-B183-84C7031789D7}.Debug|x86.ActiveCfg = Debug|Win32
		{5BDD33DA-6FFC-49E3-B183-84C7031789D7}.Debug|x86.Build.0 = Debug|Win32
		{5BDD33DA-6FFC-49E3-B183-84C7031789D7}.Release|x64.ActiveCfg = Release|x64
		{5BDD33DA-6FFC-49E3-B183-84C7031789D7}.Release|x64.Build.0 = Release|x64
		{5BDD33DA-6FFC-49E3-B183-84C7031789D7}.Release|x86.ActiveCfg = Release|Win32
		{5BDD33DA-6FFC-49E3-B183-84C7031789D7}.Release|x86.Build.0 = Release|Win32
		{3C73B15B-4522-4AB6-B467-5BD1CB228D23}.Debug|x64.ActiveCfg = Debug|x64
		{3C73B15B-4522-4AB6-B467-5BD1CB228D23}.Debug|x64.Build.0 = Debug|x64
		{3C73B15B-4522-4AB6-B467-5BD1CB228D23}.Debug|x86.ActiveCfg = Debug|Win32
		{3C73B15B-4522-4AB6-B467-5BD1CB228D23}.Debug|x86.Build.0 = Debug|Win32
		{3C73B15B-4522-4AB6-B467-5BD1CB228D23}.Release|x64.ActiveCfg = Release|x64
		{3C73B15B-4522-4AB6-B467-5BD1CB228D23}.Release|x64.Build.0 = Release|x64
		{3C73B15B-4522-4AB6-B467-5BD1CB228D23}.Release|x86.ActiveCfg = Release|Win32
		{3C73B15B-4522-4AB6-B467-5BD1CB228D23}.Release|x86.Build.0 = Release|Win32
		{EAFBD902-55E9-4B87-90DF-AF7F2B1DFA6A}.Debug|x64.ActiveCfg = Debug|x64
		{EAFBD902-55E9-4B87-90DF-AF7F2B1DFA6A}.Debug|x64.Build.0 = Debug|x64
		{EAFBD902-55E9-4B87-90DF-AF7F2B1DFA6A}.Debug|x86.ActiveCfg = Debug|Win32
		{EAFBD902-55E9-4B87-90DF-AF7F2B1DFA6A}.Debug|x86.Build.0 = Debug|Win32
		{EAFBD902-55E9-4B87-90DF-AF7F2B1DFA6A}.Release|x64.ActiveCfg = Release|x64
		{EAFBD902-55E9-4B87-90DF-AF7F2B1DFA6A}.Release|x64.Build.0 = Release|x64
		{EAFBD902-55E9-4B87-90DF-AF7F2B1DFA6A}.Release|x86.ActiveCfg = Release|Win32
		{EAFBD902-55E9-4B87-90DF-AF7F2B1DFA6A}.Release|x86.Build.0 = Release|Win32
		{0DC63DEB-3B7A-46F3-80E9-FCAFCB1C325C}.Debug|x64.ActiveCfg = Debug|x64
		{0DC63DEB-3B7A-46F3-80E9-FCAFCB1C325C}.Debug|x64.Build.0 = Debug|x64
		{0DC63DEB-3B7A-46F3-80E9-FCAFCB1C325C}.Debug|x86.ActiveCfg = Debug|Win32
		{0DC63DEB-3B7A-46F3-80E9-FCAFCB1C325C}.Debug|x86.Build.0 = Debug|Win32
		{0DC63DEB-3B7A-46F3-80E9-FCAFCB1C325C}.Release|x64.ActiveCfg = Release|x64
		{0DC63DEB-3B7A-46F3-80E9-FCAFCB1C325C}.Release|x64.Build.0 = Release|x64
		{0DC63DEB-3B7A-46F3-80E9-FCAFCB1C325C}.Release|x86.ActiveCfg = Release|Win32
		{0DC63DEB-3B7A-46F3-80E9-FCAFCB1C325C}.Release|x86.Build.0 = Release|Win32
	EndGlobalSection
	GlobalSection(SolutionProperties) = preSolution
		HideSolutionNode = FALSE
	EndGlobalSection
EndGlobal
